
Microsoft Visual Studio Solution File, Format Version 12.00
# Visual Studio Version 17
VisualStudioVersion = 17.8.34309.116
MinimumVisualStudioVersion = 10.0.40219.1
Project("{9A19103F-16F7-4668-BE54-9A1E7A4F7556}") = "ChallengeApp", "ChallengeApp\ChallengeApp.csproj", "{381297B0-D559-4D36-8471-F8D6A13D5B60}"
EndProject
Project("{FAE04EC0-301F-11D3-BF4B-00C04F79EFBC}") = "ChallengeApp.Tests", "ChallengeApp.Tests\ChallengeApp.Tests.csproj", "{EF793381-2B07-4A63-93D8-E47A97038812}"
EndProject
Global
	GlobalSection(SolutionConfigurationPlatforms) = preSolution
		Debug|Any CPU = Debug|Any CPU
		Release|Any CPU = Release|Any CPU
	EndGlobalSection
	GlobalSection(ProjectConfigurationPlatforms) = postSolution
		{381297B0-D559-4D36-8471-F8D6A13D5B60}.Debug|Any CPU.ActiveCfg = Debug|Any CPU
		{381297B0-D559-4D36-8471-F8D6A13D5B60}.Debug|Any CPU.Build.0 = Debug|Any CPU
		{381297B0-D559-4D36-8471-F8D6A13D5B60}.Release|Any CPU.ActiveCfg = Release|Any CPU
		{381297B0-D559-4D36-8471-F8D6A13D5B60}.Release|Any CPU.Build.0 = Release|Any CPU
		{EF793381-2B07-4A63-93D8-E47A97038812}.Debug|Any CPU.ActiveCfg = Debug|Any CPU
		{EF793381-2B07-4A63-93D8-E47A97038812}.Debug|Any CPU.Build.0 = Debug|Any CPU
		{EF793381-2B07-4A63-93D8-E47A97038812}.Release|Any CPU.ActiveCfg = Release|Any CPU
		{EF793381-2B07-4A63-93D8-E47A97038812}.Release|Any CPU.Build.0 = Release|Any CPU
	EndGlobalSection
	GlobalSection(SolutionProperties) = preSolution
		HideSolutionNode = FALSE
	EndGlobalSection
	GlobalSection(ExtensibilityGlobals) = postSolution
		SolutionGuid = {9136A9C0-7B71-43AF-A5E9-153C0263CAB1}
	EndGlobalSection
EndGlobal
